// !$*UTF8*$!
{
	archiveVersion = 1;
	classes = {
	};
	objectVersion = 55;
	objects = {

/* Begin PBXBuildFile section */
		03EE3B852781A93B00A6164E /* AppDelegate.swift in Sources */ = {isa = PBXBuildFile; fileRef = 03EE3B842781A93B00A6164E /* AppDelegate.swift */; };
		03EE3B872781A93B00A6164E /* SceneDelegate.swift in Sources */ = {isa = PBXBuildFile; fileRef = 03EE3B862781A93B00A6164E /* SceneDelegate.swift */; };
		03EE3B892781A93B00A6164E /* ViewController.swift in Sources */ = {isa = PBXBuildFile; fileRef = 03EE3B882781A93B00A6164E /* ViewController.swift */; };
		03EE3B8C2781A93B00A6164E /* Main.storyboard in Resources */ = {isa = PBXBuildFile; fileRef = 03EE3B8A2781A93B00A6164E /* Main.storyboard */; };
		03EE3B8E2781A93D00A6164E /* Assets.xcassets in Resources */ = {isa = PBXBuildFile; fileRef = 03EE3B8D2781A93D00A6164E /* Assets.xcassets */; };
		03EE3B912781A93D00A6164E /* LaunchScreen.storyboard in Resources */ = {isa = PBXBuildFile; fileRef = 03EE3B8F2781A93D00A6164E /* LaunchScreen.storyboard */; };
		03EE3B992781A9C600A6164E /* landmarkCollectionViewCell.swift in Sources */ = {isa = PBXBuildFile; fileRef = 03EE3B982781A9C600A6164E /* landmarkCollectionViewCell.swift */; };
		03EE3B9B2781B03D00A6164E /* landmarkViewController.swift in Sources */ = {isa = PBXBuildFile; fileRef = 03EE3B9A2781B03D00A6164E /* landmarkViewController.swift */; };
		03EE3B9D2781B70800A6164E /* Landmarks.swift in Sources */ = {isa = PBXBuildFile; fileRef = 03EE3B9C2781B70800A6164E /* Landmarks.swift */; };
/* End PBXBuildFile section */

/* Begin PBXFileReference section */
		03EE3B812781A93B00A6164E /* collectionViewLandmark.app */ = {isa = PBXFileReference; explicitFileType = wrapper.application; includeInIndex = 0; path = collectionViewLandmark.app; sourceTree = BUILT_PRODUCTS_DIR; };
		03EE3B842781A93B00A6164E /* AppDelegate.swift */ = {isa = PBXFileReference; lastKnownFileType = sourcecode.swift; path = AppDelegate.swift; sourceTree = "<group>"; };
		03EE3B862781A93B00A6164E /* SceneDelegate.swift */ = {isa = PBXFileReference; lastKnownFileType = sourcecode.swift; path = SceneDelegate.swift; sourceTree = "<group>"; };
		03EE3B882781A93B00A6164E /* ViewController.swift */ = {isa = PBXFileReference; lastKnownFileType = sourcecode.swift; path = ViewController.swift; sourceTree = "<group>"; };
		03EE3B8B2781A93B00A6164E /* Base */ = {isa = PBXFileReference; lastKnownFileType = file.storyboard; name = Base; path = Base.lproj/Main.storyboard; sourceTree = "<group>"; };
		03EE3B8D2781A93D00A6164E /* Assets.xcassets */ = {isa = PBXFileReference; lastKnownFileType = folder.assetcatalog; path = Assets.xcassets; sourceTree = "<group>"; };
		03EE3B902781A93D00A6164E /* Base */ = {isa = PBXFileReference; lastKnownFileType = file.storyboard; name = Base; path = Base.lproj/LaunchScreen.storyboard; sourceTree = "<group>"; };
		03EE3B922781A93D00A6164E /* Info.plist */ = {isa = PBXFileReference; lastKnownFileType = text.plist.xml; path = Info.plist; sourceTree = "<group>"; };
		03EE3B982781A9C600A6164E /* landmarkCollectionViewCell.swift */ = {isa = PBXFileReference; lastKnownFileType = sourcecode.swift; path = landmarkCollectionViewCell.swift; sourceTree = "<group>"; };
		03EE3B9A2781B03D00A6164E /* landmarkViewController.swift */ = {isa = PBXFileReference; lastKnownFileType = sourcecode.swift; path = landmarkViewController.swift; sourceTree = "<group>"; };
		03EE3B9C2781B70800A6164E /* Landmarks.swift */ = {isa = PBXFileReference; lastKnownFileType = sourcecode.swift; path = Landmarks.swift; sourceTree = "<group>"; };
/* End PBXFileReference section */

/* Begin PBXFrameworksBuildPhase section */
		03EE3B7E2781A93B00A6164E /* Frameworks */ = {
			isa = PBXFrameworksBuildPhase;
			buildActionMask = 2147483647;
			files = (
			);
			runOnlyForDeploymentPostprocessing = 0;
		};
/* End PBXFrameworksBuildPhase section */

/* Begin PBXGroup section */
		03EE3B782781A93B00A6164E = {
			isa = PBXGroup;
			children = (
				03EE3B832781A93B00A6164E /* collectionViewLandmark */,
				03EE3B822781A93B00A6164E /* Products */,
			);
			sourceTree = "<group>";
		};
		03EE3B822781A93B00A6164E /* Products */ = {
			isa = PBXGroup;
			children = (
				03EE3B812781A93B00A6164E /* collectionViewLandmark.app */,
			);
			name = Products;
			sourceTree = "<group>";
		};
		03EE3B832781A93B00A6164E /* collectionViewLandmark */ = {
			isa = PBXGroup;
			children = (
				03EE3B842781A93B00A6164E /* AppDelegate.swift */,
				03EE3B862781A93B00A6164E /* SceneDelegate.swift */,
				03EE3B882781A93B00A6164E /* ViewController.swift */,
				03EE3B9C2781B70800A6164E /* Landmarks.swift */,
				03EE3B9A2781B03D00A6164E /* landmarkViewController.swift */,
				03EE3B8A2781A93B00A6164E /* Main.storyboard */,
				03EE3B982781A9C600A6164E /* landmarkCollectionViewCell.swift */,
				03EE3B8D2781A93D00A6164E /* Assets.xcassets */,
				03EE3B8F2781A93D00A6164E /* LaunchScreen.storyboard */,
				03EE3B922781A93D00A6164E /* Info.plist */,
			);
			path = collectionViewLandmark;
			sourceTree = "<group>";
		};
/* End PBXGroup section */

/* Begin PBXNativeTarget section */
		03EE3B802781A93B00A6164E /* collectionViewLandmark */ = {
			isa = PBXNativeTarget;
			buildConfigurationList = 03EE3B952781A93D00A6164E /* Build configuration list for PBXNativeTarget "collectionViewLandmark" */;
			buildPhases = (
				03EE3B7D2781A93B00A6164E /* Sources */,
				03EE3B7E2781A93B00A6164E /* Frameworks */,
				03EE3B7F2781A93B00A6164E /* Resources */,
			);
			buildRules = (
			);
			dependencies = (
			);
			name = collectionViewLandmark;
			productName = collectionViewLandmark;
			productReference = 03EE3B812781A93B00A6164E /* collectionViewLandmark.app */;
			productType = "com.apple.product-type.application";
		};
/* End PBXNativeTarget section */

/* Begin PBXProject section */
		03EE3B792781A93B00A6164E /* Project object */ = {
			isa = PBXProject;
			attributes = {
				BuildIndependentTargetsInParallel = 1;
				LastSwiftUpdateCheck = 1320;
				LastUpgradeCheck = 1320;
				TargetAttributes = {
					03EE3B802781A93B00A6164E = {
						CreatedOnToolsVersion = 13.2.1;
					};
				};
			};
			buildConfigurationList = 03EE3B7C2781A93B00A6164E /* Build configuration list for PBXProject "collectionViewLandmark" */;
			compatibilityVersion = "Xcode 13.0";
			developmentRegion = en;
			hasScannedForEncodings = 0;
			knownRegions = (
				en,
				Base,
			);
			mainGroup = 03EE3B782781A93B00A6164E;
			productRefGroup = 03EE3B822781A93B00A6164E /* Products */;
			projectDirPath = "";
			projectRoot = "";
			targets = (
				03EE3B802781A93B00A6164E /* collectionViewLandmark */,
			);
		};
/* End PBXProject section */

/* Begin PBXResourcesBuildPhase section */
		03EE3B7F2781A93B00A6164E /* Resources */ = {
			isa = PBXResourcesBuildPhase;
			buildActionMask = 2147483647;
			files = (
				03EE3B912781A93D00A6164E /* LaunchScreen.storyboard in Resources */,
				03EE3B8E2781A93D00A6164E /* Assets.xcassets in Resources */,
				03EE3B8C2781A93B00A6164E /* Main.storyboard in Resources */,
			);
			runOnlyForDeploymentPostprocessing = 0;
		};
/* End PBXResourcesBuildPhase section */

/* Begin PBXSourcesBuildPhase section */
		03EE3B7D2781A93B00A6164E /* Sources */ = {
			isa = PBXSourcesBuildPhase;
			buildActionMask = 2147483647;
			files = (
				03EE3B992781A9C600A6164E /* landmarkCollectionViewCell.swift in Sources */,
				03EE3B9D2781B70800A6164E /* Landmarks.swift in Sources */,
				03EE3B9B2781B03D00A6164E /* landmarkViewController.swift in Sources */,
				03EE3B892781A93B00A6164E /* ViewController.swift in Sources */,
				03EE3B852781A93B00A6164E /* AppDelegate.swift in Sources */,
				03EE3B872781A93B00A6164E /* SceneDelegate.swift in Sources */,
			);
			runOnlyForDeploymentPostprocessing = 0;
		};
/* End PBXSourcesBuildPhase section */

/* Begin PBXVariantGroup section */
		03EE3B8A2781A93B00A6164E /* Main.storyboard */ = {
			isa = PBXVariantGroup;
			children = (
				03EE3B8B2781A93B00A6164E /* Base */,
			);
			name = Main.storyboard;
			sourceTree = "<group>";
		};
		03EE3B8F2781A93D00A6164E /* LaunchScreen.storyboard */ = {
			isa = PBXVariantGroup;
			children = (
				03EE3B902781A93D00A6164E /* Base */,
			);
			name = LaunchScreen.storyboard;
			sourceTree = "<group>";
		};
/* End PBXVariantGroup section */

/* Begin XCBuildConfiguration section */
		03EE3B932781A93D00A6164E /* Debug */ = {
			isa = XCBuildConfiguration;
			buildSettings = {
				ALWAYS_SEARCH_USER_PATHS = NO;
				CLANG_ANALYZER_NONNULL = YES;
				CLANG_ANALYZER_NUMBER_OBJECT_CONVERSION = YES_AGGRESSIVE;
				CLANG_CXX_LANGUAGE_STANDARD = "gnu++17";
				CLANG_CXX_LIBRARY = "libc++";
				CLANG_ENABLE_MODULES = YES;
				CLANG_ENABLE_OBJC_ARC = YES;
				CLANG_ENABLE_OBJC_WEAK = YES;
				CLANG_WARN_BLOCK_CAPTURE_AUTORELEASING = YES;
				CLANG_WARN_BOOL_CONVERSION = YES;
				CLANG_WARN_COMMA = YES;
				CLANG_WARN_CONSTANT_CONVERSION = YES;
				CLANG_WARN_DEPRECATED_OBJC_IMPLEMENTATIONS = YES;
				CLANG_WARN_DIRECT_OBJC_ISA_USAGE = YES_ERROR;
				CLANG_WARN_DOCUMENTATION_COMMENTS = YES;
				CLANG_WARN_EMPTY_BODY = YES;
				CLANG_WARN_ENUM_CONVERSION = YES;
				CLANG_WARN_INFINITE_RECURSION = YES;
				CLANG_WARN_INT_CONVERSION = YES;
				CLANG_WARN_NON_LITERAL_NULL_CONVERSION = YES;
				CLANG_WARN_OBJC_IMPLICIT_RETAIN_SELF = YES;
				CLANG_WARN_OBJC_LITERAL_CONVERSION = YES;
				CLANG_WARN_OBJC_ROOT_CLASS = YES_ERROR;
				CLANG_WARN_QUOTED_INCLUDE_IN_FRAMEWORK_HEADER = YES;
				CLANG_WARN_RANGE_LOOP_ANALYSIS = YES;
				CLANG_WARN_STRICT_PROTOTYPES = YES;
				CLANG_WARN_SUSPICIOUS_MOVE = YES;
				CLANG_WARN_UNGUARDED_AVAILABILITY = YES_AGGRESSIVE;
				CLANG_WARN_UNREACHABLE_CODE = YES;
				CLANG_WARN__DUPLICATE_METHOD_MATCH = YES;
				COPY_PHASE_STRIP = NO;
				DEBUG_INFORMATION_FORMAT = dwarf;
				ENABLE_STRICT_OBJC_MSGSEND = YES;
				ENABLE_TESTABILITY = YES;
				GCC_C_LANGUAGE_STANDARD = gnu11;
				GCC_DYNAMIC_NO_PIC = NO;
				GCC_NO_COMMON_BLOCKS = YES;
				GCC_OPTIMIZATION_LEVEL = 0;
				GCC_PREPROCESSOR_DEFINITIONS = (
					"DEBUG=1",
					"$(inherited)",
				);
				GCC_WARN_64_TO_32_BIT_CONVERSION = YES;
				GCC_WARN_ABOUT_RETURN_TYPE = YES_ERROR;
				GCC_WARN_UNDECLARED_SELECTOR = YES;
				GCC_WARN_UNINITIALIZED_AUTOS = YES_AGGRESSIVE;
				GCC_WARN_UNUSED_FUNCTION = YES;
				GCC_WARN_UNUSED_VARIABLE = YES;
				IPHONEOS_DEPLOYMENT_TARGET = 15.2;
				MTL_ENABLE_DEBUG_INFO = INCLUDE_SOURCE;
				MTL_FAST_MATH = YES;
				ONLY_ACTIVE_ARCH = YES;
				SDKROOT = iphoneos;
				SWIFT_ACTIVE_COMPILATION_CONDITIONS = DEBUG;
				SWIFT_OPTIMIZATION_LEVEL = "-Onone";
			};
			name = Debug;
		};
		03EE3B942781A93D00A6164E /* Release */ = {
			isa = XCBuildConfiguration;
			buildSettings = {
				ALWAYS_SEARCH_USER_PATHS = NO;
				CLANG_ANALYZER_NONNULL = YES;
				CLANG_ANALYZER_NUMBER_OBJECT_CONVERSION = YES_AGGRESSIVE;
				CLANG_CXX_LANGUAGE_STANDARD = "gnu++17";
				CLANG_CXX_LIBRARY = "libc++";
				CLANG_ENABLE_MODULES = YES;
				CLANG_ENABLE_OBJC_ARC = YES;
				CLANG_ENABLE_OBJC_WEAK = YES;
				CLANG_WARN_BLOCK_CAPTURE_AUTORELEASING = YES;
				CLANG_WARN_BOOL_CONVERSION = YES;
				CLANG_WARN_COMMA = YES;
				CLANG_WARN_CONSTANT_CONVERSION = YES;
				CLANG_WARN_DEPRECATED_OBJC_IMPLEMENTATIONS = YES;
				CLANG_WARN_DIRECT_OBJC_ISA_USAGE = YES_ERROR;
				CLANG_WARN_DOCUMENTATION_COMMENTS = YES;
				CLANG_WARN_EMPTY_BODY = YES;
				CLANG_WARN_ENUM_CONVERSION = YES;
				CLANG_WARN_INFINITE_RECURSION = YES;
				CLANG_WARN_INT_CONVERSION = YES;
				CLANG_WARN_NON_LITERAL_NULL_CONVERSION = YES;
				CLANG_WARN_OBJC_IMPLICIT_RETAIN_SELF = YES;
				CLANG_WARN_OBJC_LITERAL_CONVERSION = YES;
				CLANG_WARN_OBJC_ROOT_CLASS = YES_ERROR;
				CLANG_WARN_QUOTED_INCLUDE_IN_FRAMEWORK_HEADER = YES;
				CLANG_WARN_RANGE_LOOP_ANALYSIS = YES;
				CLANG_WARN_STRICT_PROTOTYPES = YES;
				CLANG_WARN_SUSPICIOUS_MOVE = YES;
				CLANG_WARN_UNGUARDED_AVAILABILITY = YES_AGGRESSIVE;
				CLANG_WARN_UNREACHABLE_CODE = YES;
				CLANG_WARN__DUPLICATE_METHOD_MATCH = YES;
				COPY_PHASE_STRIP = NO;
				DEBUG_INFORMATION_FORMAT = "dwarf-with-dsym";
				ENABLE_NS_ASSERTIONS = NO;
				ENABLE_STRICT_OBJC_MSGSEND = YES;
				GCC_C_LANGUAGE_STANDARD = gnu11;
				GCC_NO_COMMON_BLOCKS = YES;
				GCC_WARN_64_TO_32_BIT_CONVERSION = YES;
				GCC_WARN_ABOUT_RETURN_TYPE = YES_ERROR;
				GCC_WARN_UNDECLARED_SELECTOR = YES;
				GCC_WARN_UNINITIALIZED_AUTOS = YES_AGGRESSIVE;
				GCC_WARN_UNUSED_FUNCTION = YES;
				GCC_WARN_UNUSED_VARIABLE = YES;
				IPHONEOS_DEPLOYMENT_TARGET = 15.2;
				MTL_ENABLE_DEBUG_INFO = NO;
				MTL_FAST_MATH = YES;
				SDKROOT = iphoneos;
				SWIFT_COMPILATION_MODE = wholemodule;
				SWIFT_OPTIMIZATION_LEVEL = "-O";
				VALIDATE_PRODUCT = YES;
			};
			name = Release;
		};
		03EE3B962781A93D00A6164E /* Debug */ = {
			isa = XCBuildConfiguration;
			buildSettings = {
				ASSETCATALOG_COMPILER_APPICON_NAME = AppIcon;
				ASSETCATALOG_COMPILER_GLOBAL_ACCENT_COLOR_NAME = AccentColor;
				CODE_SIGN_STYLE = Automatic;
				CURRENT_PROJECT_VERSION = 1;
				DEVELOPMENT_TEAM = VU4ZHGTTG3;
				GENERATE_INFOPLIST_FILE = YES;
				INFOPLIST_FILE = collectionViewLandmark/Info.plist;
				INFOPLIST_KEY_UIApplicationSupportsIndirectInputEvents = YES;
				INFOPLIST_KEY_UILaunchStoryboardName = LaunchScreen;
				INFOPLIST_KEY_UIMainStoryboardFile = Main;
				INFOPLIST_KEY_UISupportedInterfaceOrientations_iPad = "UIInterfaceOrientationPortrait UIInterfaceOrientationPortraitUpsideDown UIInterfaceOrientationLandscapeLeft UIInterfaceOrientationLandscapeRight";
				INFOPLIST_KEY_UISupportedInterfaceOrientations_iPhone = "UIInterfaceOrientationPortrait UIInterfaceOrientationLandscapeLeft UIInterfaceOrientationLandscapeRight";
				LD_RUNPATH_SEARCH_PATHS = (
					"$(inherited)",
					"@executable_path/Frameworks",
				);
				MARKETING_VERSION = 1.0;
				PRODUCT_BUNDLE_IDENTIFIER = com.egemendenizeri.collectionViewLandmark;
				PRODUCT_NAME = "$(TARGET_NAME)";
				SWIFT_EMIT_LOC_STRINGS = YES;
				SWIFT_VERSION = 5.0;
				TARGETED_DEVICE_FAMILY = "1,2";
			};
			name = Debug;
		};
		03EE3B972781A93D00A6164E /* Release */ = {
			isa = XCBuildConfiguration;
			buildSettings = {
				ASSETCATALOG_COMPILER_APPICON_NAME = AppIcon;
				ASSETCATALOG_COMPILER_GLOBAL_ACCENT_COLOR_NAME = AccentColor;
				CODE_SIGN_STYLE = Automatic;
				CURRENT_PROJECT_VERSION = 1;
				DEVELOPMENT_TEAM = VU4ZHGTTG3;
				GENERATE_INFOPLIST_FILE = YES;
				INFOPLIST_FILE = collectionViewLandmark/Info.plist;
				INFOPLIST_KEY_UIApplicationSupportsIndirectInputEvents = YES;
				INFOPLIST_KEY_UILaunchStoryboardName = LaunchScreen;
				INFOPLIST_KEY_UIMainStoryboardFile = Main;
				INFOPLIST_KEY_UISupportedInterfaceOrientations_iPad = "UIInterfaceOrientationPortrait UIInterfaceOrientationPortraitUpsideDown UIInterfaceOrientationLandscapeLeft UIInterfaceOrientationLandscapeRight";
				INFOPLIST_KEY_UISupportedInterfaceOrientations_iPhone = "UIInterfaceOrientationPortrait UIInterfaceOrientationLandscapeLeft UIInterfaceOrientationLandscapeRight";
				LD_RUNPATH_SEARCH_PATHS = (
					"$(inherited)",
					"@executable_path/Frameworks",
				);
				MARKETING_VERSION = 1.0;
				PRODUCT_BUNDLE_IDENTIFIER = com.egemendenizeri.collectionViewLandmark;
				PRODUCT_NAME = "$(TARGET_NAME)";
				SWIFT_EMIT_LOC_STRINGS = YES;
				SWIFT_VERSION = 5.0;
				TARGETED_DEVICE_FAMILY = "1,2";
			};
			name = Release;
		};
/* End XCBuildConfiguration section */

/* Begin XCConfigurationList section */
		03EE3B7C2781A93B00A6164E /* Build configuration list for PBXProject "collectionViewLandmark" */ = {
			isa = XCConfigurationList;
			buildConfigurations = (
				03EE3B932781A93D00A6164E /* Debug */,
				03EE3B942781A93D00A6164E /* Release */,
			);
			defaultConfigurationIsVisible = 0;
			defaultConfigurationName = Release;
		};
		03EE3B952781A93D00A6164E /* Build configuration list for PBXNativeTarget "collectionViewLandmark" */ = {
			isa = XCConfigurationList;
			buildConfigurations = (
				03EE3B962781A93D00A6164E /* Debug */,
				03EE3B972781A93D00A6164E /* Release */,
			);
			defaultConfigurationIsVisible = 0;
			defaultConfigurationName = Release;
		};
/* End XCConfigurationList section */
	};
	rootObject = 03EE3B792781A93B00A6164E /* Project object */;
}
